
Microsoft Visual Studio Solution File, Format Version 12.00
# Visual Studio Version 16
VisualStudioVersion = 16.0.29020.237
MinimumVisualStudioVersion = 10.0.40219.1
Project("{FAE04EC0-301F-11D3-BF4B-00C04F79EFBC}") = "AMILIA", "APLITOP\AMILIA.csproj", "{1017C15F-8199-4627-9718-10F545C6D555}"
	ProjectSection(ProjectDependencies) = postProject
		{50BBC15A-C67C-4BC7-B565-A25A6C49FB85} = {50BBC15A-C67C-4BC7-B565-A25A6C49FB85}
		{CAF3E36E-1A68-4A90-BD3F-0B039F70496A} = {CAF3E36E-1A68-4A90-BD3F-0B039F70496A}
		{57408FB9-6233-4593-AD14-E6D6A8E31D36} = {57408FB9-6233-4593-AD14-E6D6A8E31D36}
		{8BD02ADC-8DC4-45C3-8B51-94047E6DF364} = {8BD02ADC-8DC4-45C3-8B51-94047E6DF364}
		{A6E7DDE8-C736-4CE0-9891-6DD7542128D5} = {A6E7DDE8-C736-4CE0-9891-6DD7542128D5}
	EndProjectSection
EndProject
Project("{FAE04EC0-301F-11D3-BF4B-00C04F79EFBC}") = "interfaz", "interfaz\interfaz.csproj", "{9AC06C13-6EEF-4B2B-9CA3-D8601341C8FB}"
EndProject
Project("{FAE04EC0-301F-11D3-BF4B-00C04F79EFBC}") = "Datos", "Datos\Datos.csproj", "{50BBC15A-C67C-4BC7-B565-A25A6C49FB85}"
EndProject
Project("{FAE04EC0-301F-11D3-BF4B-00C04F79EFBC}") = "Logica", "Logica\Logica.csproj", "{A6E7DDE8-C736-4CE0-9891-6DD7542128D5}"
EndProject
Project("{FAE04EC0-301F-11D3-BF4B-00C04F79EFBC}") = "engCadNet", "engCadNet\engCadNet.csproj", "{F7B495AC-E395-4519-8723-3BA6CE2933FA}"
EndProject
Project("{FAE04EC0-301F-11D3-BF4B-00C04F79EFBC}") = "tadLayLan", "tadLayLan\tadLayLan.csproj", "{63F26170-BF7A-413E-9417-FC663F706173}"
EndProject
Project("{FAE04EC0-301F-11D3-BF4B-00C04F79EFBC}") = "tadLayShare", "tadLayShare\tadLayShare.csproj", "{A184DFB3-80F5-46C0-802B-BF8B6996B5FA}"
EndProject
Project("{FAE04EC0-301F-11D3-BF4B-00C04F79EFBC}") = "EjeDeTrazado", "EjeDeTrazado\EjeDeTrazado.csproj", "{CAF3E36E-1A68-4A90-BD3F-0B039F70496A}"
EndProject
Project("{FAE04EC0-301F-11D3-BF4B-00C04F79EFBC}") = "engNet", "engNet\engNet.csproj", "{5A9CDA59-6441-4614-B1B3-58F83C2E2113}"
EndProject
Project("{FAE04EC0-301F-11D3-BF4B-00C04F79EFBC}") = "PerfilLongitudinal", "PerfilLongitudinal\PerfilLongitudinal.csproj", "{6E9ECFAB-52FB-45E1-9C2A-75E1894B4132}"
EndProject
Project("{FAE04EC0-301F-11D3-BF4B-00C04F79EFBC}") = "serviceLicencia", "ServiceLicenciaDLL\serviceLicencia.csproj", "{C7B0A00F-863D-4C06-A210-9D61BFC056C9}"
EndProject
Project("{FAE04EC0-301F-11D3-BF4B-00C04F79EFBC}") = "tadLayData", "tadLayData\tadLayData.csproj", "{5589AD3D-1C1D-4C3A-A41E-7D20E105A788}"
EndProject
Project("{FAE04EC0-301F-11D3-BF4B-00C04F79EFBC}") = "tadLayLogica", "tadLayLogica\tadLayLogica.csproj", "{1A1C196F-8548-4241-A714-967BA5B40ED7}"
EndProject
Project("{FAE04EC0-301F-11D3-BF4B-00C04F79EFBC}") = "tadLayUI", "tadLayUI\tadLayUI.csproj", "{F607BD44-B9AA-4C05-A989-8AF9065967D8}"
EndProject
Project("{FAE04EC0-301F-11D3-BF4B-00C04F79EFBC}") = "tayLogicaTijera", "tadLayLogicaFerrocarril\tayLogicaTijera.csproj", "{77EF85F2-BD25-46EA-9AE7-35C486DDBE15}"
EndProject
Project("{FAE04EC0-301F-11D3-BF4B-00C04F79EFBC}") = "Terrenos", "Terreno\Terrenos.csproj", "{57408FB9-6233-4593-AD14-E6D6A8E31D36}"
EndProject
Project("{FAE04EC0-301F-11D3-BF4B-00C04F79EFBC}") = "TriangulationTool", "TriangulationTool\TriangulationTool\TriangulationTool.csproj", "{8BD02ADC-8DC4-45C3-8B51-94047E6DF364}"
EndProject
Global
	GlobalSection(SolutionConfigurationPlatforms) = preSolution
		app|Any CPU = app|Any CPU
		app|x64 = app|x64
		app|x86 = app|x86
		Debug|Any CPU = Debug|Any CPU
		Debug|x64 = Debug|x64
		Debug|x86 = Debug|x86
		Release|Any CPU = Release|Any CPU
		Release|x64 = Release|x64
		Release|x86 = Release|x86
	EndGlobalSection
	GlobalSection(ProjectConfigurationPlatforms) = postSolution
		{1017C15F-8199-4627-9718-10F545C6D555}.app|Any CPU.ActiveCfg = Release|Any CPU
		{1017C15F-8199-4627-9718-10F545C6D555}.app|Any CPU.Build.0 = Release|Any CPU
		{1017C15F-8199-4627-9718-10F545C6D555}.app|x64.ActiveCfg = Release|Any CPU
		{1017C15F-8199-4627-9718-10F545C6D555}.app|x64.Build.0 = Release|Any CPU
		{1017C15F-8199-4627-9718-10F545C6D555}.app|x86.ActiveCfg = Release|Any CPU
		{1017C15F-8199-4627-9718-10F545C6D555}.app|x86.Build.0 = Release|Any CPU
		{1017C15F-8199-4627-9718-10F545C6D555}.Debug|Any CPU.ActiveCfg = Debug|Any CPU
		{1017C15F-8199-4627-9718-10F545C6D555}.Debug|Any CPU.Build.0 = Debug|Any CPU
		{1017C15F-8199-4627-9718-10F545C6D555}.Debug|x64.ActiveCfg = Debug|Any CPU
		{1017C15F-8199-4627-9718-10F545C6D555}.Debug|x64.Build.0 = Debug|Any CPU
		{1017C15F-8199-4627-9718-10F545C6D555}.Debug|x86.ActiveCfg = Debug|Any CPU
		{1017C15F-8199-4627-9718-10F545C6D555}.Debug|x86.Build.0 = Debug|Any CPU
		{1017C15F-8199-4627-9718-10F545C6D555}.Release|Any CPU.ActiveCfg = Release|Any CPU
		{1017C15F-8199-4627-9718-10F545C6D555}.Release|Any CPU.Build.0 = Release|Any CPU
		{1017C15F-8199-4627-9718-10F545C6D555}.Release|x64.ActiveCfg = Release|Any CPU
		{1017C15F-8199-4627-9718-10F545C6D555}.Release|x64.Build.0 = Release|Any CPU
		{1017C15F-8199-4627-9718-10F545C6D555}.Release|x86.ActiveCfg = Release|Any CPU
		{1017C15F-8199-4627-9718-10F545C6D555}.Release|x86.Build.0 = Release|Any CPU
		{9AC06C13-6EEF-4B2B-9CA3-D8601341C8FB}.app|Any CPU.ActiveCfg = Release|Any CPU
		{9AC06C13-6EEF-4B2B-9CA3-D8601341C8FB}.app|Any CPU.Build.0 = Release|Any CPU
		{9AC06C13-6EEF-4B2B-9CA3-D8601341C8FB}.app|x64.ActiveCfg = Release|Any CPU
		{9AC06C13-6EEF-4B2B-9CA3-D8601341C8FB}.app|x64.Build.0 = Release|Any CPU
		{9AC06C13-6EEF-4B2B-9CA3-D8601341C8FB}.app|x86.ActiveCfg = Release|Any CPU
		{9AC06C13-6EEF-4B2B-9CA3-D8601341C8FB}.app|x86.Build.0 = Release|Any CPU
		{9AC06C13-6EEF-4B2B-9CA3-D8601341C8FB}.Debug|Any CPU.ActiveCfg = Debug|Any CPU
		{9AC06C13-6EEF-4B2B-9CA3-D8601341C8FB}.Debug|Any CPU.Build.0 = Debug|Any CPU
		{9AC06C13-6EEF-4B2B-9CA3-D8601341C8FB}.Debug|x64.ActiveCfg = Debug|Any CPU
		{9AC06C13-6EEF-4B2B-9CA3-D8601341C8FB}.Debug|x64.Build.0 = Debug|Any CPU
		{9AC06C13-6EEF-4B2B-9CA3-D8601341C8FB}.Debug|x86.ActiveCfg = Debug|Any CPU
		{9AC06C13-6EEF-4B2B-9CA3-D8601341C8FB}.Debug|x86.Build.0 = Debug|Any CPU
		{9AC06C13-6EEF-4B2B-9CA3-D8601341C8FB}.Release|Any CPU.ActiveCfg = Release|Any CPU
		{9AC06C13-6EEF-4B2B-9CA3-D8601341C8FB}.Release|Any CPU.Build.0 = Release|Any CPU
		{9AC06C13-6EEF-4B2B-9CA3-D8601341C8FB}.Release|x64.ActiveCfg = Release|Any CPU
		{9AC06C13-6EEF-4B2B-9CA3-D8601341C8FB}.Release|x64.Build.0 = Release|Any CPU
		{9AC06C13-6EEF-4B2B-9CA3-D8601341C8FB}.Release|x86.ActiveCfg = Release|Any CPU
		{9AC06C13-6EEF-4B2B-9CA3-D8601341C8FB}.Release|x86.Build.0 = Release|Any CPU
		{50BBC15A-C67C-4BC7-B565-A25A6C49FB85}.app|Any CPU.ActiveCfg = Release|Any CPU
		{50BBC15A-C67C-4BC7-B565-A25A6C49FB85}.app|Any CPU.Build.0 = Release|Any CPU
		{50BBC15A-C67C-4BC7-B565-A25A6C49FB85}.app|x64.ActiveCfg = Release|Any CPU
		{50BBC15A-C67C-4BC7-B565-A25A6C49FB85}.app|x64.Build.0 = Release|Any CPU
		{50BBC15A-C67C-4BC7-B565-A25A6C49FB85}.app|x86.ActiveCfg = Release|Any CPU
		{50BBC15A-C67C-4BC7-B565-A25A6C49FB85}.app|x86.Build.0 = Release|Any CPU
		{50BBC15A-C67C-4BC7-B565-A25A6C49FB85}.Debug|Any CPU.ActiveCfg = Debug|Any CPU
		{50BBC15A-C67C-4BC7-B565-A25A6C49FB85}.Debug|Any CPU.Build.0 = Debug|Any CPU
		{50BBC15A-C67C-4BC7-B565-A25A6C49FB85}.Debug|x64.ActiveCfg = Debug|Any CPU
		{50BBC15A-C67C-4BC7-B565-A25A6C49FB85}.Debug|x64.Build.0 = Debug|Any CPU
		{50BBC15A-C67C-4BC7-B565-A25A6C49FB85}.Debug|x86.ActiveCfg = Debug|Any CPU
		{50BBC15A-C67C-4BC7-B565-A25A6C49FB85}.Debug|x86.Build.0 = Debug|Any CPU
		{50BBC15A-C67C-4BC7-B565-A25A6C49FB85}.Release|Any CPU.ActiveCfg = Release|Any CPU
		{50BBC15A-C67C-4BC7-B565-A25A6C49FB85}.Release|Any CPU.Build.0 = Release|Any CPU
		{50BBC15A-C67C-4BC7-B565-A25A6C49FB85}.Release|x64.ActiveCfg = Release|Any CPU
		{50BBC15A-C67C-4BC7-B565-A25A6C49FB85}.Release|x64.Build.0 = Release|Any CPU
		{50BBC15A-C67C-4BC7-B565-A25A6C49FB85}.Release|x86.ActiveCfg = Release|Any CPU
		{50BBC15A-C67C-4BC7-B565-A25A6C49FB85}.Release|x86.Build.0 = Release|Any CPU
		{A6E7DDE8-C736-4CE0-9891-6DD7542128D5}.app|Any CPU.ActiveCfg = Release|Any CPU
		{A6E7DDE8-C736-4CE0-9891-6DD7542128D5}.app|Any CPU.Build.0 = Release|Any CPU
		{A6E7DDE8-C736-4CE0-9891-6DD7542128D5}.app|x64.ActiveCfg = Release|Any CPU
		{A6E7DDE8-C736-4CE0-9891-6DD7542128D5}.app|x64.Build.0 = Release|Any CPU
		{A6E7DDE8-C736-4CE0-9891-6DD7542128D5}.app|x86.ActiveCfg = Release|Any CPU
		{A6E7DDE8-C736-4CE0-9891-6DD7542128D5}.app|x86.Build.0 = Release|Any CPU
		{A6E7DDE8-C736-4CE0-9891-6DD7542128D5}.Debug|Any CPU.ActiveCfg = Debug|Any CPU
		{A6E7DDE8-C736-4CE0-9891-6DD7542128D5}.Debug|Any CPU.Build.0 = Debug|Any CPU
		{A6E7DDE8-C736-4CE0-9891-6DD7542128D5}.Debug|x64.ActiveCfg = Debug|Any CPU
		{A6E7DDE8-C736-4CE0-9891-6DD7542128D5}.Debug|x64.Build.0 = Debug|Any CPU
		{A6E7DDE8-C736-4CE0-9891-6DD7542128D5}.Debug|x86.ActiveCfg = Debug|Any CPU
		{A6E7DDE8-C736-4CE0-9891-6DD7542128D5}.Debug|x86.Build.0 = Debug|Any CPU
		{A6E7DDE8-C736-4CE0-9891-6DD7542128D5}.Release|Any CPU.ActiveCfg = Release|Any CPU
		{A6E7DDE8-C736-4CE0-9891-6DD7542128D5}.Release|Any CPU.Build.0 = Release|Any CPU
		{A6E7DDE8-C736-4CE0-9891-6DD7542128D5}.Release|x64.ActiveCfg = Release|Any CPU
		{A6E7DDE8-C736-4CE0-9891-6DD7542128D5}.Release|x64.Build.0 = Release|Any CPU
		{A6E7DDE8-C736-4CE0-9891-6DD7542128D5}.Release|x86.ActiveCfg = Release|Any CPU
		{A6E7DDE8-C736-4CE0-9891-6DD7542128D5}.Release|x86.Build.0 = Release|Any CPU
		{F7B495AC-E395-4519-8723-3BA6CE2933FA}.app|Any CPU.ActiveCfg = Release|Any CPU
		{F7B495AC-E395-4519-8723-3BA6CE2933FA}.app|Any CPU.Build.0 = Release|Any CPU
		{F7B495AC-E395-4519-8723-3BA6CE2933FA}.app|x64.ActiveCfg = Release|Any CPU
		{F7B495AC-E395-4519-8723-3BA6CE2933FA}.app|x64.Build.0 = Release|Any CPU
		{F7B495AC-E395-4519-8723-3BA6CE2933FA}.app|x86.ActiveCfg = Release|Any CPU
		{F7B495AC-E395-4519-8723-3BA6CE2933FA}.app|x86.Build.0 = Release|Any CPU
		{F7B495AC-E395-4519-8723-3BA6CE2933FA}.Debug|Any CPU.ActiveCfg = Debug|Any CPU
		{F7B495AC-E395-4519-8723-3BA6CE2933FA}.Debug|Any CPU.Build.0 = Debug|Any CPU
		{F7B495AC-E395-4519-8723-3BA6CE2933FA}.Debug|x64.ActiveCfg = Debug|Any CPU
		{F7B495AC-E395-4519-8723-3BA6CE2933FA}.Debug|x64.Build.0 = Debug|Any CPU
		{F7B495AC-E395-4519-8723-3BA6CE2933FA}.Debug|x86.ActiveCfg = Debug|Any CPU
		{F7B495AC-E395-4519-8723-3BA6CE2933FA}.Debug|x86.Build.0 = Debug|Any CPU
		{F7B495AC-E395-4519-8723-3BA6CE2933FA}.Release|Any CPU.ActiveCfg = Release|Any CPU
		{F7B495AC-E395-4519-8723-3BA6CE2933FA}.Release|Any CPU.Build.0 = Release|Any CPU
		{F7B495AC-E395-4519-8723-3BA6CE2933FA}.Release|x64.ActiveCfg = Release|Any CPU
		{F7B495AC-E395-4519-8723-3BA6CE2933FA}.Release|x64.Build.0 = Release|Any CPU
		{F7B495AC-E395-4519-8723-3BA6CE2933FA}.Release|x86.ActiveCfg = Release|Any CPU
		{F7B495AC-E395-4519-8723-3BA6CE2933FA}.Release|x86.Build.0 = Release|Any CPU
		{63F26170-BF7A-413E-9417-FC663F706173}.app|Any CPU.ActiveCfg = Release|Any CPU
		{63F26170-BF7A-413E-9417-FC663F706173}.app|Any CPU.Build.0 = Release|Any CPU
		{63F26170-BF7A-413E-9417-FC663F706173}.app|x64.ActiveCfg = Release|x64
		{63F26170-BF7A-413E-9417-FC663F706173}.app|x64.Build.0 = Release|x64
		{63F26170-BF7A-413E-9417-FC663F706173}.app|x86.ActiveCfg = Release|Any CPU
		{63F26170-BF7A-413E-9417-FC663F706173}.app|x86.Build.0 = Release|Any CPU
		{63F26170-BF7A-413E-9417-FC663F706173}.Debug|Any CPU.ActiveCfg = Debug|Any CPU
		{63F26170-BF7A-413E-9417-FC663F706173}.Debug|Any CPU.Build.0 = Debug|Any CPU
		{63F26170-BF7A-413E-9417-FC663F706173}.Debug|x64.ActiveCfg = Debug|x64
		{63F26170-BF7A-413E-9417-FC663F706173}.Debug|x64.Build.0 = Debug|x64
		{63F26170-BF7A-413E-9417-FC663F706173}.Debug|x86.ActiveCfg = Debug|Any CPU
		{63F26170-BF7A-413E-9417-FC663F706173}.Debug|x86.Build.0 = Debug|Any CPU
		{63F26170-BF7A-413E-9417-FC663F706173}.Release|Any CPU.ActiveCfg = Release|Any CPU
		{63F26170-BF7A-413E-9417-FC663F706173}.Release|Any CPU.Build.0 = Release|Any CPU
		{63F26170-BF7A-413E-9417-FC663F706173}.Release|x64.ActiveCfg = Release|x64
		{63F26170-BF7A-413E-9417-FC663F706173}.Release|x64.Build.0 = Release|x64
		{63F26170-BF7A-413E-9417-FC663F706173}.Release|x86.ActiveCfg = Release|Any CPU
		{63F26170-BF7A-413E-9417-FC663F706173}.Release|x86.Build.0 = Release|Any CPU
		{A184DFB3-80F5-46C0-802B-BF8B6996B5FA}.app|Any CPU.ActiveCfg = app|Any CPU
		{A184DFB3-80F5-46C0-802B-BF8B6996B5FA}.app|Any CPU.Build.0 = app|Any CPU
		{A184DFB3-80F5-46C0-802B-BF8B6996B5FA}.app|x64.ActiveCfg = app|x64
		{A184DFB3-80F5-46C0-802B-BF8B6996B5FA}.app|x64.Build.0 = app|x64
		{A184DFB3-80F5-46C0-802B-BF8B6996B5FA}.app|x86.ActiveCfg = app|Any CPU
		{A184DFB3-80F5-46C0-802B-BF8B6996B5FA}.app|x86.Build.0 = app|Any CPU
		{A184DFB3-80F5-46C0-802B-BF8B6996B5FA}.Debug|Any CPU.ActiveCfg = Debug|Any CPU
		{A184DFB3-80F5-46C0-802B-BF8B6996B5FA}.Debug|Any CPU.Build.0 = Debug|Any CPU
		{A184DFB3-80F5-46C0-802B-BF8B6996B5FA}.Debug|x64.ActiveCfg = Debug|x64
		{A184DFB3-80F5-46C0-802B-BF8B6996B5FA}.Debug|x64.Build.0 = Debug|x64
		{A184DFB3-80F5-46C0-802B-BF8B6996B5FA}.Debug|x86.ActiveCfg = Debug|Any CPU
		{A184DFB3-80F5-46C0-802B-BF8B6996B5FA}.Debug|x86.Build.0 = Debug|Any CPU
		{A184DFB3-80F5-46C0-802B-BF8B6996B5FA}.Release|Any CPU.ActiveCfg = Release|Any CPU
		{A184DFB3-80F5-46C0-802B-BF8B6996B5FA}.Release|Any CPU.Build.0 = Release|Any CPU
		{A184DFB3-80F5-46C0-802B-BF8B6996B5FA}.Release|x64.ActiveCfg = Release|x64
		{A184DFB3-80F5-46C0-802B-BF8B6996B5FA}.Release|x64.Build.0 = Release|x64
		{A184DFB3-80F5-46C0-802B-BF8B6996B5FA}.Release|x86.ActiveCfg = Release|Any CPU
		{A184DFB3-80F5-46C0-802B-BF8B6996B5FA}.Release|x86.Build.0 = Release|Any CPU
		{CAF3E36E-1A68-4A90-BD3F-0B039F70496A}.app|Any CPU.ActiveCfg = Release|Any CPU
		{CAF3E36E-1A68-4A90-BD3F-0B039F70496A}.app|Any CPU.Build.0 = Release|Any CPU
		{CAF3E36E-1A68-4A90-BD3F-0B039F70496A}.app|x64.ActiveCfg = Release|Any CPU
		{CAF3E36E-1A68-4A90-BD3F-0B039F70496A}.app|x64.Build.0 = Release|Any CPU
		{CAF3E36E-1A68-4A90-BD3F-0B039F70496A}.app|x86.ActiveCfg = Release|Any CPU
		{CAF3E36E-1A68-4A90-BD3F-0B039F70496A}.app|x86.Build.0 = Release|Any CPU
		{CAF3E36E-1A68-4A90-BD3F-0B039F70496A}.Debug|Any CPU.ActiveCfg = Debug|Any CPU
		{CAF3E36E-1A68-4A90-BD3F-0B039F70496A}.Debug|Any CPU.Build.0 = Debug|Any CPU
		{CAF3E36E-1A68-4A90-BD3F-0B039F70496A}.Debug|x64.ActiveCfg = Debug|Any CPU
		{CAF3E36E-1A68-4A90-BD3F-0B039F70496A}.Debug|x64.Build.0 = Debug|Any CPU
		{CAF3E36E-1A68-4A90-BD3F-0B039F70496A}.Debug|x86.ActiveCfg = Debug|Any CPU
		{CAF3E36E-1A68-4A90-BD3F-0B039F70496A}.Debug|x86.Build.0 = Debug|Any CPU
		{CAF3E36E-1A68-4A90-BD3F-0B039F70496A}.Release|Any CPU.ActiveCfg = Release|Any CPU
		{CAF3E36E-1A68-4A90-BD3F-0B039F70496A}.Release|Any CPU.Build.0 = Release|Any CPU
		{CAF3E36E-1A68-4A90-BD3F-0B039F70496A}.Release|x64.ActiveCfg = Release|Any CPU
		{CAF3E36E-1A68-4A90-BD3F-0B039F70496A}.Release|x64.Build.0 = Release|Any CPU
		{CAF3E36E-1A68-4A90-BD3F-0B039F70496A}.Release|x86.ActiveCfg = Release|Any CPU
		{CAF3E36E-1A68-4A90-BD3F-0B039F70496A}.Release|x86.Build.0 = Release|Any CPU
		{5A9CDA59-6441-4614-B1B3-58F83C2E2113}.app|Any CPU.ActiveCfg = Release|Any CPU
		{5A9CDA59-6441-4614-B1B3-58F83C2E2113}.app|Any CPU.Build.0 = Release|Any CPU
		{5A9CDA59-6441-4614-B1B3-58F83C2E2113}.app|x64.ActiveCfg = Release|Any CPU
		{5A9CDA59-6441-4614-B1B3-58F83C2E2113}.app|x64.Build.0 = Release|Any CPU
		{5A9CDA59-6441-4614-B1B3-58F83C2E2113}.app|x86.ActiveCfg = Release|Any CPU
		{5A9CDA59-6441-4614-B1B3-58F83C2E2113}.app|x86.Build.0 = Release|Any CPU
		{5A9CDA59-6441-4614-B1B3-58F83C2E2113}.Debug|Any CPU.ActiveCfg = Debug|Any CPU
		{5A9CDA59-6441-4614-B1B3-58F83C2E2113}.Debug|Any CPU.Build.0 = Debug|Any CPU
		{5A9CDA59-6441-4614-B1B3-58F83C2E2113}.Debug|x64.ActiveCfg = Debug|Any CPU
		{5A9CDA59-6441-4614-B1B3-58F83C2E2113}.Debug|x64.Build.0 = Debug|Any CPU
		{5A9CDA59-6441-4614-B1B3-58F83C2E2113}.Debug|x86.ActiveCfg = Debug|Any CPU
		{5A9CDA59-6441-4614-B1B3-58F83C2E2113}.Debug|x86.Build.0 = Debug|Any CPU
		{5A9CDA59-6441-4614-B1B3-58F83C2E2113}.Release|Any CPU.ActiveCfg = Release|Any CPU
		{5A9CDA59-6441-4614-B1B3-58F83C2E2113}.Release|Any CPU.Build.0 = Release|Any CPU
		{5A9CDA59-6441-4614-B1B3-58F83C2E2113}.Release|x64.ActiveCfg = Release|Any CPU
		{5A9CDA59-6441-4614-B1B3-58F83C2E2113}.Release|x64.Build.0 = Release|Any CPU
		{5A9CDA59-6441-4614-B1B3-58F83C2E2113}.Release|x86.ActiveCfg = Release|Any CPU
		{5A9CDA59-6441-4614-B1B3-58F83C2E2113}.Release|x86.Build.0 = Release|Any CPU
		{6E9ECFAB-52FB-45E1-9C2A-75E1894B4132}.app|Any CPU.ActiveCfg = app|Any CPU
		{6E9ECFAB-52FB-45E1-9C2A-75E1894B4132}.app|Any CPU.Build.0 = app|Any CPU
		{6E9ECFAB-52FB-45E1-9C2A-75E1894B4132}.app|x64.ActiveCfg = app|x64
		{6E9ECFAB-52FB-45E1-9C2A-75E1894B4132}.app|x64.Build.0 = app|x64
		{6E9ECFAB-52FB-45E1-9C2A-75E1894B4132}.app|x86.ActiveCfg = app|Any CPU
		{6E9ECFAB-52FB-45E1-9C2A-75E1894B4132}.app|x86.Build.0 = app|Any CPU
		{6E9ECFAB-52FB-45E1-9C2A-75E1894B4132}.Debug|Any CPU.ActiveCfg = Debug|Any CPU
		{6E9ECFAB-52FB-45E1-9C2A-75E1894B4132}.Debug|Any CPU.Build.0 = Debug|Any CPU
		{6E9ECFAB-52FB-45E1-9C2A-75E1894B4132}.Debug|x64.ActiveCfg = Debug|x64
		{6E9ECFAB-52FB-45E1-9C2A-75E1894B4132}.Debug|x64.Build.0 = Debug|x64
		{6E9ECFAB-52FB-45E1-9C2A-75E1894B4132}.Debug|x86.ActiveCfg = Debug|Any CPU
		{6E9ECFAB-52FB-45E1-9C2A-75E1894B4132}.Debug|x86.Build.0 = Debug|Any CPU
		{6E9ECFAB-52FB-45E1-9C2A-75E1894B4132}.Release|Any CPU.ActiveCfg = Release|Any CPU
		{6E9ECFAB-52FB-45E1-9C2A-75E1894B4132}.Release|Any CPU.Build.0 = Release|Any CPU
		{6E9ECFAB-52FB-45E1-9C2A-75E1894B4132}.Release|x64.ActiveCfg = Release|x64
		{6E9ECFAB-52FB-45E1-9C2A-75E1894B4132}.Release|x64.Build.0 = Release|x64
		{6E9ECFAB-52FB-45E1-9C2A-75E1894B4132}.Release|x86.ActiveCfg = Release|Any CPU
		{6E9ECFAB-52FB-45E1-9C2A-75E1894B4132}.Release|x86.Build.0 = Release|Any CPU
		{C7B0A00F-863D-4C06-A210-9D61BFC056C9}.app|Any CPU.ActiveCfg = app|Any CPU
		{C7B0A00F-863D-4C06-A210-9D61BFC056C9}.app|Any CPU.Build.0 = app|Any CPU
		{C7B0A00F-863D-4C06-A210-9D61BFC056C9}.app|x64.ActiveCfg = app|x64
		{C7B0A00F-863D-4C06-A210-9D61BFC056C9}.app|x64.Build.0 = app|x64
		{C7B0A00F-863D-4C06-A210-9D61BFC056C9}.app|x86.ActiveCfg = app|Any CPU
		{C7B0A00F-863D-4C06-A210-9D61BFC056C9}.app|x86.Build.0 = app|Any CPU
		{C7B0A00F-863D-4C06-A210-9D61BFC056C9}.Debug|Any CPU.ActiveCfg = Debug|Any CPU
		{C7B0A00F-863D-4C06-A210-9D61BFC056C9}.Debug|Any CPU.Build.0 = Debug|Any CPU
		{C7B0A00F-863D-4C06-A210-9D61BFC056C9}.Debug|x64.ActiveCfg = Debug|x64
		{C7B0A00F-863D-4C06-A210-9D61BFC056C9}.Debug|x64.Build.0 = Debug|x64
		{C7B0A00F-863D-4C06-A210-9D61BFC056C9}.Debug|x86.ActiveCfg = Debug|Any CPU
		{C7B0A00F-863D-4C06-A210-9D61BFC056C9}.Debug|x86.Build.0 = Debug|Any CPU
		{C7B0A00F-863D-4C06-A210-9D61BFC056C9}.Release|Any CPU.ActiveCfg = Release|Any CPU
		{C7B0A00F-863D-4C06-A210-9D61BFC056C9}.Release|Any CPU.Build.0 = Release|Any CPU
		{C7B0A00F-863D-4C06-A210-9D61BFC056C9}.Release|x64.ActiveCfg = Release|x64
		{C7B0A00F-863D-4C06-A210-9D61BFC056C9}.Release|x64.Build.0 = Release|x64
		{C7B0A00F-863D-4C06-A210-9D61BFC056C9}.Release|x86.ActiveCfg = Release|Any CPU
		{C7B0A00F-863D-4C06-A210-9D61BFC056C9}.Release|x86.Build.0 = Release|Any CPU
		{5589AD3D-1C1D-4C3A-A41E-7D20E105A788}.app|Any CPU.ActiveCfg = app|Any CPU
		{5589AD3D-1C1D-4C3A-A41E-7D20E105A788}.app|Any CPU.Build.0 = app|Any CPU
		{5589AD3D-1C1D-4C3A-A41E-7D20E105A788}.app|x64.ActiveCfg = app|x64
		{5589AD3D-1C1D-4C3A-A41E-7D20E105A788}.app|x64.Build.0 = app|x64
		{5589AD3D-1C1D-4C3A-A41E-7D20E105A788}.app|x86.ActiveCfg = app|Any CPU
		{5589AD3D-1C1D-4C3A-A41E-7D20E105A788}.app|x86.Build.0 = app|Any CPU
		{5589AD3D-1C1D-4C3A-A41E-7D20E105A788}.Debug|Any CPU.ActiveCfg = Debug|Any CPU
		{5589AD3D-1C1D-4C3A-A41E-7D20E105A788}.Debug|Any CPU.Build.0 = Debug|Any CPU
		{5589AD3D-1C1D-4C3A-A41E-7D20E105A788}.Debug|x64.ActiveCfg = Debug|x64
		{5589AD3D-1C1D-4C3A-A41E-7D20E105A788}.Debug|x64.Build.0 = Debug|x64
		{5589AD3D-1C1D-4C3A-A41E-7D20E105A788}.Debug|x86.ActiveCfg = Debug|Any CPU
		{5589AD3D-1C1D-4C3A-A41E-7D20E105A788}.Debug|x86.Build.0 = Debug|Any CPU
		{5589AD3D-1C1D-4C3A-A41E-7D20E105A788}.Release|Any CPU.ActiveCfg = Release|Any CPU
		{5589AD3D-1C1D-4C3A-A41E-7D20E105A788}.Release|Any CPU.Build.0 = Release|Any CPU
		{5589AD3D-1C1D-4C3A-A41E-7D20E105A788}.Release|x64.ActiveCfg = Release|x64
		{5589AD3D-1C1D-4C3A-A41E-7D20E105A788}.Release|x64.Build.0 = Release|x64
		{5589AD3D-1C1D-4C3A-A41E-7D20E105A788}.Release|x86.ActiveCfg = Release|Any CPU
		{5589AD3D-1C1D-4C3A-A41E-7D20E105A788}.Release|x86.Build.0 = Release|Any CPU
		{1A1C196F-8548-4241-A714-967BA5B40ED7}.app|Any CPU.ActiveCfg = app|Any CPU
		{1A1C196F-8548-4241-A714-967BA5B40ED7}.app|Any CPU.Build.0 = app|Any CPU
		{1A1C196F-8548-4241-A714-967BA5B40ED7}.app|x64.ActiveCfg = app|x64
		{1A1C196F-8548-4241-A714-967BA5B40ED7}.app|x64.Build.0 = app|x64
		{1A1C196F-8548-4241-A714-967BA5B40ED7}.app|x86.ActiveCfg = app|Any CPU
		{1A1C196F-8548-4241-A714-967BA5B40ED7}.app|x86.Build.0 = app|Any CPU
		{1A1C196F-8548-4241-A714-967BA5B40ED7}.Debug|Any CPU.ActiveCfg = Debug|Any CPU
		{1A1C196F-8548-4241-A714-967BA5B40ED7}.Debug|Any CPU.Build.0 = Debug|Any CPU
		{1A1C196F-8548-4241-A714-967BA5B40ED7}.Debug|x64.ActiveCfg = Debug|x64
		{1A1C196F-8548-4241-A714-967BA5B40ED7}.Debug|x64.Build.0 = Debug|x64
		{1A1C196F-8548-4241-A714-967BA5B40ED7}.Debug|x86.ActiveCfg = Debug|Any CPU
		{1A1C196F-8548-4241-A714-967BA5B40ED7}.Debug|x86.Build.0 = Debug|Any CPU
		{1A1C196F-8548-4241-A714-967BA5B40ED7}.Release|Any CPU.ActiveCfg = Release|Any CPU
		{1A1C196F-8548-4241-A714-967BA5B40ED7}.Release|Any CPU.Build.0 = Release|Any CPU
		{1A1C196F-8548-4241-A714-967BA5B40ED7}.Release|x64.ActiveCfg = Release|x64
		{1A1C196F-8548-4241-A714-967BA5B40ED7}.Release|x64.Build.0 = Release|x64
		{1A1C196F-8548-4241-A714-967BA5B40ED7}.Release|x86.ActiveCfg = Release|Any CPU
		{1A1C196F-8548-4241-A714-967BA5B40ED7}.Release|x86.Build.0 = Release|Any CPU
		{F607BD44-B9AA-4C05-A989-8AF9065967D8}.app|Any CPU.ActiveCfg = app|Any CPU
		{F607BD44-B9AA-4C05-A989-8AF9065967D8}.app|Any CPU.Build.0 = app|Any CPU
		{F607BD44-B9AA-4C05-A989-8AF9065967D8}.app|x64.ActiveCfg = app|x64
		{F607BD44-B9AA-4C05-A989-8AF9065967D8}.app|x64.Build.0 = app|x64
		{F607BD44-B9AA-4C05-A989-8AF9065967D8}.app|x86.ActiveCfg = app|Any CPU
		{F607BD44-B9AA-4C05-A989-8AF9065967D8}.app|x86.Build.0 = app|Any CPU
		{F607BD44-B9AA-4C05-A989-8AF9065967D8}.Debug|Any CPU.ActiveCfg = Debug|Any CPU
		{F607BD44-B9AA-4C05-A989-8AF9065967D8}.Debug|Any CPU.Build.0 = Debug|Any CPU
		{F607BD44-B9AA-4C05-A989-8AF9065967D8}.Debug|x64.ActiveCfg = Debug|x64
		{F607BD44-B9AA-4C05-A989-8AF9065967D8}.Debug|x64.Build.0 = Debug|x64
		{F607BD44-B9AA-4C05-A989-8AF9065967D8}.Debug|x86.ActiveCfg = Debug|Any CPU
		{F607BD44-B9AA-4C05-A989-8AF9065967D8}.Debug|x86.Build.0 = Debug|Any CPU
		{F607BD44-B9AA-4C05-A989-8AF9065967D8}.Release|Any CPU.ActiveCfg = Release|Any CPU
		{F607BD44-B9AA-4C05-A989-8AF9065967D8}.Release|Any CPU.Build.0 = Release|Any CPU
		{F607BD44-B9AA-4C05-A989-8AF9065967D8}.Release|x64.ActiveCfg = Release|x64
		{F607BD44-B9AA-4C05-A989-8AF9065967D8}.Release|x64.Build.0 = Release|x64
		{F607BD44-B9AA-4C05-A989-8AF9065967D8}.Release|x86.ActiveCfg = Release|Any CPU
		{F607BD44-B9AA-4C05-A989-8AF9065967D8}.Release|x86.Build.0 = Release|Any CPU
		{77EF85F2-BD25-46EA-9AE7-35C486DDBE15}.app|Any CPU.ActiveCfg = app|Any CPU
		{77EF85F2-BD25-46EA-9AE7-35C486DDBE15}.app|Any CPU.Build.0 = app|Any CPU
		{77EF85F2-BD25-46EA-9AE7-35C486DDBE15}.app|x64.ActiveCfg = app|x64
		{77EF85F2-BD25-46EA-9AE7-35C486DDBE15}.app|x64.Build.0 = app|x64
		{77EF85F2-BD25-46EA-9AE7-35C486DDBE15}.app|x86.ActiveCfg = app|Any CPU
		{77EF85F2-BD25-46EA-9AE7-35C486DDBE15}.app|x86.Build.0 = app|Any CPU
		{77EF85F2-BD25-46EA-9AE7-35C486DDBE15}.Debug|Any CPU.ActiveCfg = Debug|Any CPU
		{77EF85F2-BD25-46EA-9AE7-35C486DDBE15}.Debug|Any CPU.Build.0 = Debug|Any CPU
		{77EF85F2-BD25-46EA-9AE7-35C486DDBE15}.Debug|x64.ActiveCfg = Debug|x64
		{77EF85F2-BD25-46EA-9AE7-35C486DDBE15}.Debug|x64.Build.0 = Debug|x64
		{77EF85F2-BD25-46EA-9AE7-35C486DDBE15}.Debug|x86.ActiveCfg = Debug|Any CPU
		{77EF85F2-BD25-46EA-9AE7-35C486DDBE15}.Debug|x86.Build.0 = Debug|Any CPU
		{77EF85F2-BD25-46EA-9AE7-35C486DDBE15}.Release|Any CPU.ActiveCfg = Release|Any CPU
		{77EF85F2-BD25-46EA-9AE7-35C486DDBE15}.Release|Any CPU.Build.0 = Release|Any CPU
		{77EF85F2-BD25-46EA-9AE7-35C486DDBE15}.Release|x64.ActiveCfg = Release|x64
		{77EF85F2-BD25-46EA-9AE7-35C486DDBE15}.Release|x64.Build.0 = Release|x64
		{77EF85F2-BD25-46EA-9AE7-35C486DDBE15}.Release|x86.ActiveCfg = Release|Any CPU
		{77EF85F2-BD25-46EA-9AE7-35C486DDBE15}.Release|x86.Build.0 = Release|Any CPU
		{57408FB9-6233-4593-AD14-E6D6A8E31D36}.app|Any CPU.ActiveCfg = app|Any CPU
		{57408FB9-6233-4593-AD14-E6D6A8E31D36}.app|Any CPU.Build.0 = app|Any CPU
		{57408FB9-6233-4593-AD14-E6D6A8E31D36}.app|x64.ActiveCfg = app|x64
		{57408FB9-6233-4593-AD14-E6D6A8E31D36}.app|x64.Build.0 = app|x64
		{57408FB9-6233-4593-AD14-E6D6A8E31D36}.app|x86.ActiveCfg = app|x86
		{57408FB9-6233-4593-AD14-E6D6A8E31D36}.app|x86.Build.0 = app|x86
		{57408FB9-6233-4593-AD14-E6D6A8E31D36}.Debug|Any CPU.ActiveCfg = Debug|Any CPU
		{57408FB9-6233-4593-AD14-E6D6A8E31D36}.Debug|Any CPU.Build.0 = Debug|Any CPU
		{57408FB9-6233-4593-AD14-E6D6A8E31D36}.Debug|x64.ActiveCfg = Debug|x64
		{57408FB9-6233-4593-AD14-E6D6A8E31D36}.Debug|x64.Build.0 = Debug|x64
		{57408FB9-6233-4593-AD14-E6D6A8E31D36}.Debug|x86.ActiveCfg = Debug|x86
		{57408FB9-6233-4593-AD14-E6D6A8E31D36}.Debug|x86.Build.0 = Debug|x86
		{57408FB9-6233-4593-AD14-E6D6A8E31D36}.Release|Any CPU.ActiveCfg = Release|Any CPU
		{57408FB9-6233-4593-AD14-E6D6A8E31D36}.Release|Any CPU.Build.0 = Release|Any CPU
		{57408FB9-6233-4593-AD14-E6D6A8E31D36}.Release|x64.ActiveCfg = Release|x64
		{57408FB9-6233-4593-AD14-E6D6A8E31D36}.Release|x64.Build.0 = Release|x64
		{57408FB9-6233-4593-AD14-E6D6A8E31D36}.Release|x86.ActiveCfg = Release|x86
		{57408FB9-6233-4593-AD14-E6D6A8E31D36}.Release|x86.Build.0 = Release|x86
		{8BD02ADC-8DC4-45C3-8B51-94047E6DF364}.app|Any CPU.ActiveCfg = app|Any CPU
		{8BD02ADC-8DC4-45C3-8B51-94047E6DF364}.app|Any CPU.Build.0 = app|Any CPU
		{8BD02ADC-8DC4-45C3-8B51-94047E6DF364}.app|x64.ActiveCfg = app|x64
		{8BD02ADC-8DC4-45C3-8B51-94047E6DF364}.app|x64.Build.0 = app|x64
		{8BD02ADC-8DC4-45C3-8B51-94047E6DF364}.app|x86.ActiveCfg = app|Any CPU
		{8BD02ADC-8DC4-45C3-8B51-94047E6DF364}.app|x86.Build.0 = app|Any CPU
		{8BD02ADC-8DC4-45C3-8B51-94047E6DF364}.Debug|Any CPU.ActiveCfg = Debug|Any CPU
		{8BD02ADC-8DC4-45C3-8B51-94047E6DF364}.Debug|Any CPU.Build.0 = Debug|Any CPU
		{8BD02ADC-8DC4-45C3-8B51-94047E6DF364}.Debug|x64.ActiveCfg = Debug|x64
		{8BD02ADC-8DC4-45C3-8B51-94047E6DF364}.Debug|x64.Build.0 = Debug|x64
		{8BD02ADC-8DC4-45C3-8B51-94047E6DF364}.Debug|x86.ActiveCfg = Debug|Any CPU
		{8BD02ADC-8DC4-45C3-8B51-94047E6DF364}.Debug|x86.Build.0 = Debug|Any CPU
		{8BD02ADC-8DC4-45C3-8B51-94047E6DF364}.Release|Any CPU.ActiveCfg = Release|Any CPU
		{8BD02ADC-8DC4-45C3-8B51-94047E6DF364}.Release|Any CPU.Build.0 = Release|Any CPU
		{8BD02ADC-8DC4-45C3-8B51-94047E6DF364}.Release|x64.ActiveCfg = Release|x64
		{8BD02ADC-8DC4-45C3-8B51-94047E6DF364}.Release|x64.Build.0 = Release|x64
		{8BD02ADC-8DC4-45C3-8B51-94047E6DF364}.Release|x86.ActiveCfg = Release|Any CPU
		{8BD02ADC-8DC4-45C3-8B51-94047E6DF364}.Release|x86.Build.0 = Release|Any CPU
	EndGlobalSection
	GlobalSection(SolutionProperties) = preSolution
		HideSolutionNode = FALSE
	EndGlobalSection
	GlobalSection(ExtensibilityGlobals) = postSolution
		SolutionGuid = {A65D1905-DFED-49C6-833C-C8F61D4885B7}
	EndGlobalSection
EndGlobal
