
Microsoft Visual Studio Solution File, Format Version 12.00
# Visual Studio Version 16
VisualStudioVersion = 16.0.29020.237
MinimumVisualStudioVersion = 10.0.40219.1
Project("{FAE04EC0-301F-11D3-BF4B-00C04F79EFBC}") = "APLITOP", "APLITOP\APLITOP.csproj", "{1017C15F-8199-4627-9718-10F545C6D555}"
	ProjectSection(ProjectDependencies) = postProject
		{50BBC15A-C67C-4BC7-B565-A25A6C49FB85} = {50BBC15A-C67C-4BC7-B565-A25A6C49FB85}
		{CAF3E36E-1A68-4A90-BD3F-0B039F70496A} = {CAF3E36E-1A68-4A90-BD3F-0B039F70496A}
		{A6E7DDE8-C736-4CE0-9891-6DD7542128D5} = {A6E7DDE8-C736-4CE0-9891-6DD7542128D5}
	EndProjectSection
EndProject
Project("{FAE04EC0-301F-11D3-BF4B-00C04F79EFBC}") = "interfaz", "interfaz\interfaz.csproj", "{9AC06C13-6EEF-4B2B-9CA3-D8601341C8FB}"
EndProject
Project("{FAE04EC0-301F-11D3-BF4B-00C04F79EFBC}") = "Datos", "Datos\Datos.csproj", "{50BBC15A-C67C-4BC7-B565-A25A6C49FB85}"
EndProject
Project("{FAE04EC0-301F-11D3-BF4B-00C04F79EFBC}") = "Logica", "Logica\Logica.csproj", "{A6E7DDE8-C736-4CE0-9891-6DD7542128D5}"
EndProject
Project("{FAE04EC0-301F-11D3-BF4B-00C04F79EFBC}") = "engCadNet", "engCadNet\engCadNet.csproj", "{F7B495AC-E395-4519-8723-3BA6CE2933FA}"
EndProject
Project("{FAE04EC0-301F-11D3-BF4B-00C04F79EFBC}") = "tadLayLan", "tadLayLan\tadLayLan.csproj", "{63F26170-BF7A-413E-9417-FC663F706173}"
EndProject
Project("{FAE04EC0-301F-11D3-BF4B-00C04F79EFBC}") = "tadLayShare", "tadLayShare\tadLayShare.csproj", "{A184DFB3-80F5-46C0-802B-BF8B6996B5FA}"
EndProject
Project("{FAE04EC0-301F-11D3-BF4B-00C04F79EFBC}") = "EjeDeTrazado", "EjeDeTrazado\EjeDeTrazado.csproj", "{CAF3E36E-1A68-4A90-BD3F-0B039F70496A}"
EndProject
Project("{FAE04EC0-301F-11D3-BF4B-00C04F79EFBC}") = "engNet", "engNet\engNet.csproj", "{5A9CDA59-6441-4614-B1B3-58F83C2E2113}"
EndProject
Global
	GlobalSection(SolutionConfigurationPlatforms) = preSolution
		Debug|Any CPU = Debug|Any CPU
		Debug|x64 = Debug|x64
		Release|Any CPU = Release|Any CPU
		Release|x64 = Release|x64
	EndGlobalSection
	GlobalSection(ProjectConfigurationPlatforms) = postSolution
		{1017C15F-8199-4627-9718-10F545C6D555}.Debug|Any CPU.ActiveCfg = Debug|Any CPU
		{1017C15F-8199-4627-9718-10F545C6D555}.Debug|Any CPU.Build.0 = Debug|Any CPU
		{1017C15F-8199-4627-9718-10F545C6D555}.Debug|x64.ActiveCfg = Debug|Any CPU
		{1017C15F-8199-4627-9718-10F545C6D555}.Debug|x64.Build.0 = Debug|Any CPU
		{1017C15F-8199-4627-9718-10F545C6D555}.Release|Any CPU.ActiveCfg = Release|Any CPU
		{1017C15F-8199-4627-9718-10F545C6D555}.Release|Any CPU.Build.0 = Release|Any CPU
		{1017C15F-8199-4627-9718-10F545C6D555}.Release|x64.ActiveCfg = Release|Any CPU
		{1017C15F-8199-4627-9718-10F545C6D555}.Release|x64.Build.0 = Release|Any CPU
		{9AC06C13-6EEF-4B2B-9CA3-D8601341C8FB}.Debug|Any CPU.ActiveCfg = Debug|Any CPU
		{9AC06C13-6EEF-4B2B-9CA3-D8601341C8FB}.Debug|Any CPU.Build.0 = Debug|Any CPU
		{9AC06C13-6EEF-4B2B-9CA3-D8601341C8FB}.Debug|x64.ActiveCfg = Debug|Any CPU
		{9AC06C13-6EEF-4B2B-9CA3-D8601341C8FB}.Debug|x64.Build.0 = Debug|Any CPU
		{9AC06C13-6EEF-4B2B-9CA3-D8601341C8FB}.Release|Any CPU.ActiveCfg = Release|Any CPU
		{9AC06C13-6EEF-4B2B-9CA3-D8601341C8FB}.Release|Any CPU.Build.0 = Release|Any CPU
		{9AC06C13-6EEF-4B2B-9CA3-D8601341C8FB}.Release|x64.ActiveCfg = Release|Any CPU
		{9AC06C13-6EEF-4B2B-9CA3-D8601341C8FB}.Release|x64.Build.0 = Release|Any CPU
		{50BBC15A-C67C-4BC7-B565-A25A6C49FB85}.Debug|Any CPU.ActiveCfg = Debug|Any CPU
		{50BBC15A-C67C-4BC7-B565-A25A6C49FB85}.Debug|Any CPU.Build.0 = Debug|Any CPU
		{50BBC15A-C67C-4BC7-B565-A25A6C49FB85}.Debug|x64.ActiveCfg = Debug|Any CPU
		{50BBC15A-C67C-4BC7-B565-A25A6C49FB85}.Debug|x64.Build.0 = Debug|Any CPU
		{50BBC15A-C67C-4BC7-B565-A25A6C49FB85}.Release|Any CPU.ActiveCfg = Release|Any CPU
		{50BBC15A-C67C-4BC7-B565-A25A6C49FB85}.Release|Any CPU.Build.0 = Release|Any CPU
		{50BBC15A-C67C-4BC7-B565-A25A6C49FB85}.Release|x64.ActiveCfg = Release|Any CPU
		{50BBC15A-C67C-4BC7-B565-A25A6C49FB85}.Release|x64.Build.0 = Release|Any CPU
		{A6E7DDE8-C736-4CE0-9891-6DD7542128D5}.Debug|Any CPU.ActiveCfg = Debug|Any CPU
		{A6E7DDE8-C736-4CE0-9891-6DD7542128D5}.Debug|Any CPU.Build.0 = Debug|Any CPU
		{A6E7DDE8-C736-4CE0-9891-6DD7542128D5}.Debug|x64.ActiveCfg = Debug|Any CPU
		{A6E7DDE8-C736-4CE0-9891-6DD7542128D5}.Debug|x64.Build.0 = Debug|Any CPU
		{A6E7DDE8-C736-4CE0-9891-6DD7542128D5}.Release|Any CPU.ActiveCfg = Release|Any CPU
		{A6E7DDE8-C736-4CE0-9891-6DD7542128D5}.Release|Any CPU.Build.0 = Release|Any CPU
		{A6E7DDE8-C736-4CE0-9891-6DD7542128D5}.Release|x64.ActiveCfg = Release|Any CPU
		{A6E7DDE8-C736-4CE0-9891-6DD7542128D5}.Release|x64.Build.0 = Release|Any CPU
		{F7B495AC-E395-4519-8723-3BA6CE2933FA}.Debug|Any CPU.ActiveCfg = Debug|Any CPU
		{F7B495AC-E395-4519-8723-3BA6CE2933FA}.Debug|Any CPU.Build.0 = Debug|Any CPU
		{F7B495AC-E395-4519-8723-3BA6CE2933FA}.Debug|x64.ActiveCfg = Debug|Any CPU
		{F7B495AC-E395-4519-8723-3BA6CE2933FA}.Debug|x64.Build.0 = Debug|Any CPU
		{F7B495AC-E395-4519-8723-3BA6CE2933FA}.Release|Any CPU.ActiveCfg = Release|Any CPU
		{F7B495AC-E395-4519-8723-3BA6CE2933FA}.Release|Any CPU.Build.0 = Release|Any CPU
		{F7B495AC-E395-4519-8723-3BA6CE2933FA}.Release|x64.ActiveCfg = Release|Any CPU
		{F7B495AC-E395-4519-8723-3BA6CE2933FA}.Release|x64.Build.0 = Release|Any CPU
		{63F26170-BF7A-413E-9417-FC663F706173}.Debug|Any CPU.ActiveCfg = Debug|Any CPU
		{63F26170-BF7A-413E-9417-FC663F706173}.Debug|Any CPU.Build.0 = Debug|Any CPU
		{63F26170-BF7A-413E-9417-FC663F706173}.Debug|x64.ActiveCfg = Debug|x64
		{63F26170-BF7A-413E-9417-FC663F706173}.Debug|x64.Build.0 = Debug|x64
		{63F26170-BF7A-413E-9417-FC663F706173}.Release|Any CPU.ActiveCfg = Release|Any CPU
		{63F26170-BF7A-413E-9417-FC663F706173}.Release|Any CPU.Build.0 = Release|Any CPU
		{63F26170-BF7A-413E-9417-FC663F706173}.Release|x64.ActiveCfg = Release|x64
		{63F26170-BF7A-413E-9417-FC663F706173}.Release|x64.Build.0 = Release|x64
		{A184DFB3-80F5-46C0-802B-BF8B6996B5FA}.Debug|Any CPU.ActiveCfg = Debug|Any CPU
		{A184DFB3-80F5-46C0-802B-BF8B6996B5FA}.Debug|Any CPU.Build.0 = Debug|Any CPU
		{A184DFB3-80F5-46C0-802B-BF8B6996B5FA}.Debug|x64.ActiveCfg = Debug|x64
		{A184DFB3-80F5-46C0-802B-BF8B6996B5FA}.Debug|x64.Build.0 = Debug|x64
		{A184DFB3-80F5-46C0-802B-BF8B6996B5FA}.Release|Any CPU.ActiveCfg = Release|Any CPU
		{A184DFB3-80F5-46C0-802B-BF8B6996B5FA}.Release|Any CPU.Build.0 = Release|Any CPU
		{A184DFB3-80F5-46C0-802B-BF8B6996B5FA}.Release|x64.ActiveCfg = Release|x64
		{A184DFB3-80F5-46C0-802B-BF8B6996B5FA}.Release|x64.Build.0 = Release|x64
		{CAF3E36E-1A68-4A90-BD3F-0B039F70496A}.Debug|Any CPU.ActiveCfg = Debug|Any CPU
		{CAF3E36E-1A68-4A90-BD3F-0B039F70496A}.Debug|Any CPU.Build.0 = Debug|Any CPU
		{CAF3E36E-1A68-4A90-BD3F-0B039F70496A}.Debug|x64.ActiveCfg = Debug|Any CPU
		{CAF3E36E-1A68-4A90-BD3F-0B039F70496A}.Debug|x64.Build.0 = Debug|Any CPU
		{CAF3E36E-1A68-4A90-BD3F-0B039F70496A}.Release|Any CPU.ActiveCfg = Release|Any CPU
		{CAF3E36E-1A68-4A90-BD3F-0B039F70496A}.Release|Any CPU.Build.0 = Release|Any CPU
		{CAF3E36E-1A68-4A90-BD3F-0B039F70496A}.Release|x64.ActiveCfg = Release|Any CPU
		{CAF3E36E-1A68-4A90-BD3F-0B039F70496A}.Release|x64.Build.0 = Release|Any CPU
		{5A9CDA59-6441-4614-B1B3-58F83C2E2113}.Debug|Any CPU.ActiveCfg = Debug|Any CPU
		{5A9CDA59-6441-4614-B1B3-58F83C2E2113}.Debug|Any CPU.Build.0 = Debug|Any CPU
		{5A9CDA59-6441-4614-B1B3-58F83C2E2113}.Debug|x64.ActiveCfg = Debug|Any CPU
		{5A9CDA59-6441-4614-B1B3-58F83C2E2113}.Debug|x64.Build.0 = Debug|Any CPU
		{5A9CDA59-6441-4614-B1B3-58F83C2E2113}.Release|Any CPU.ActiveCfg = Release|Any CPU
		{5A9CDA59-6441-4614-B1B3-58F83C2E2113}.Release|Any CPU.Build.0 = Release|Any CPU
		{5A9CDA59-6441-4614-B1B3-58F83C2E2113}.Release|x64.ActiveCfg = Release|Any CPU
		{5A9CDA59-6441-4614-B1B3-58F83C2E2113}.Release|x64.Build.0 = Release|Any CPU
	EndGlobalSection
	GlobalSection(SolutionProperties) = preSolution
		HideSolutionNode = FALSE
	EndGlobalSection
	GlobalSection(ExtensibilityGlobals) = postSolution
		SolutionGuid = {A65D1905-DFED-49C6-833C-C8F61D4885B7}
	EndGlobalSection
EndGlobal
